
Microsoft Visual Studio Solution File, Format Version 12.00
# Visual Studio Version 17
VisualStudioVersion = 17.0.31903.59
MinimumVisualStudioVersion = 10.0.40219.1
Project("{2150E333-8FDC-42A3-9474-1A3956D46DE8}") = "src", "src", "{0E88AC3A-4809-4C02-A8B8-EE67E5B2DBE2}"
EndProject
Project("{FAE04EC0-301F-11D3-BF4B-00C04F79EFBC}") = "AuctionService", "src\AuctionService\AuctionService.csproj", "{D43B883E-CC1C-41A1-87B5-68D2E284497D}"
EndProject
Project("{FAE04EC0-301F-11D3-BF4B-00C04F79EFBC}") = "SearchService", "src\SearchService\SearchService.csproj", "{0E633589-B0D7-4FA5-89E3-16BAE62C2FEA}"
EndProject
Project("{FAE04EC0-301F-11D3-BF4B-00C04F79EFBC}") = "Contracts", "src\Contracts\Contracts.csproj", "{4BCEBC6F-698B-4DFC-B6BE-8DD8176D5BB8}"
EndProject
Project("{FAE04EC0-301F-11D3-BF4B-00C04F79EFBC}") = "IdentityService", "src\IdentityService\IdentityService.csproj", "{CC411B31-412D-43F7-A045-9569BA0479B7}"
EndProject
Project("{FAE04EC0-301F-11D3-BF4B-00C04F79EFBC}") = "GatewayService", "src\GatewayService\GatewayService.csproj", "{2032B2AD-1FFD-453C-A316-48609B156256}"
EndProject
Global
	GlobalSection(SolutionConfigurationPlatforms) = preSolution
		Debug|Any CPU = Debug|Any CPU
		Release|Any CPU = Release|Any CPU
	EndGlobalSection
	GlobalSection(SolutionProperties) = preSolution
		HideSolutionNode = FALSE
	EndGlobalSection
	GlobalSection(ProjectConfigurationPlatforms) = postSolution
		{D43B883E-CC1C-41A1-87B5-68D2E284497D}.Debug|Any CPU.ActiveCfg = Debug|Any CPU
		{D43B883E-CC1C-41A1-87B5-68D2E284497D}.Debug|Any CPU.Build.0 = Debug|Any CPU
		{D43B883E-CC1C-41A1-87B5-68D2E284497D}.Release|Any CPU.ActiveCfg = Release|Any CPU
		{D43B883E-CC1C-41A1-87B5-68D2E284497D}.Release|Any CPU.Build.0 = Release|Any CPU
		{0E633589-B0D7-4FA5-89E3-16BAE62C2FEA}.Debug|Any CPU.ActiveCfg = Debug|Any CPU
		{0E633589-B0D7-4FA5-89E3-16BAE62C2FEA}.Debug|Any CPU.Build.0 = Debug|Any CPU
		{0E633589-B0D7-4FA5-89E3-16BAE62C2FEA}.Release|Any CPU.ActiveCfg = Release|Any CPU
		{0E633589-B0D7-4FA5-89E3-16BAE62C2FEA}.Release|Any CPU.Build.0 = Release|Any CPU
		{4BCEBC6F-698B-4DFC-B6BE-8DD8176D5BB8}.Debug|Any CPU.ActiveCfg = Debug|Any CPU
		{4BCEBC6F-698B-4DFC-B6BE-8DD8176D5BB8}.Debug|Any CPU.Build.0 = Debug|Any CPU
		{4BCEBC6F-698B-4DFC-B6BE-8DD8176D5BB8}.Release|Any CPU.ActiveCfg = Release|Any CPU
		{4BCEBC6F-698B-4DFC-B6BE-8DD8176D5BB8}.Release|Any CPU.Build.0 = Release|Any CPU
		{CC411B31-412D-43F7-A045-9569BA0479B7}.Debug|Any CPU.ActiveCfg = Debug|Any CPU
		{CC411B31-412D-43F7-A045-9569BA0479B7}.Debug|Any CPU.Build.0 = Debug|Any CPU
		{CC411B31-412D-43F7-A045-9569BA0479B7}.Release|Any CPU.ActiveCfg = Release|Any CPU
		{CC411B31-412D-43F7-A045-9569BA0479B7}.Release|Any CPU.Build.0 = Release|Any CPU
		{2032B2AD-1FFD-453C-A316-48609B156256}.Debug|Any CPU.ActiveCfg = Debug|Any CPU
		{2032B2AD-1FFD-453C-A316-48609B156256}.Debug|Any CPU.Build.0 = Debug|Any CPU
		{2032B2AD-1FFD-453C-A316-48609B156256}.Release|Any CPU.ActiveCfg = Release|Any CPU
		{2032B2AD-1FFD-453C-A316-48609B156256}.Release|Any CPU.Build.0 = Release|Any CPU
	EndGlobalSection
	GlobalSection(NestedProjects) = preSolution
		{D43B883E-CC1C-41A1-87B5-68D2E284497D} = {0E88AC3A-4809-4C02-A8B8-EE67E5B2DBE2}
		{0E633589-B0D7-4FA5-89E3-16BAE62C2FEA} = {0E88AC3A-4809-4C02-A8B8-EE67E5B2DBE2}
		{4BCEBC6F-698B-4DFC-B6BE-8DD8176D5BB8} = {0E88AC3A-4809-4C02-A8B8-EE67E5B2DBE2}
		{CC411B31-412D-43F7-A045-9569BA0479B7} = {0E88AC3A-4809-4C02-A8B8-EE67E5B2DBE2}
		{2032B2AD-1FFD-453C-A316-48609B156256} = {0E88AC3A-4809-4C02-A8B8-EE67E5B2DBE2}
	EndGlobalSection
EndGlobal
